
Microsoft Visual Studio Solution File, Format Version 12.00
# Visual Studio 15
VisualStudioVersion = 15.0.28307.539
MinimumVisualStudioVersion = 10.0.40219.1
Project("{FAE04EC0-301F-11D3-BF4B-00C04F79EFBC}") = "hospitalscreens", "hospitalscreens\hospitalscreens.csproj", "{847F954C-7C6C-4D26-9579-ADCE8B2E6EE5}"
EndProject
Global
	GlobalSection(SolutionConfigurationPlatforms) = preSolution
		Debug|Any CPU = Debug|Any CPU
		Release|Any CPU = Release|Any CPU
	EndGlobalSection
	GlobalSection(ProjectConfigurationPlatforms) = postSolution
		{847F954C-7C6C-4D26-9579-ADCE8B2E6EE5}.Debug|Any CPU.ActiveCfg = Debug|Any CPU
		{847F954C-7C6C-4D26-9579-ADCE8B2E6EE5}.Debug|Any CPU.Build.0 = Debug|Any CPU
		{847F954C-7C6C-4D26-9579-ADCE8B2E6EE5}.Release|Any CPU.ActiveCfg = Release|Any CPU
		{847F954C-7C6C-4D26-9579-ADCE8B2E6EE5}.Release|Any CPU.Build.0 = Release|Any CPU
	EndGlobalSection
	GlobalSection(SolutionProperties) = preSolution
		HideSolutionNode = FALSE
	EndGlobalSection
	GlobalSection(ExtensibilityGlobals) = postSolution
		SolutionGuid = {2A07851F-26BC-42BD-9F50-A0D4A41670CB}
	EndGlobalSection
EndGlobal
